
Microsoft Visual Studio Solution File, Format Version 12.00
# Visual Studio 2013
VisualStudioVersion = 12.0.31101.0
MinimumVisualStudioVersion = 10.0.40219.1
Project("{FAE04EC0-301F-11D3-BF4B-00C04F79EFBC}") = "WizarDroid.NET", "WizarDroid.NET\WizarDroid.NET.csproj", "{CFE10E4B-2096-4055-BCAF-C9A3F5240501}"
EndProject
Project("{FAE04EC0-301F-11D3-BF4B-00C04F79EFBC}") = "WizarDroid.NET-Sample", "WizarDroid.NET-Sample\WizarDroid.NET-Sample.csproj", "{FB2F4F99-3E0B-43E1-84C0-B1662AA898F3}"
EndProject
Global
	GlobalSection(SolutionConfigurationPlatforms) = preSolution
		Debug|Any CPU = Debug|Any CPU
		Release|Any CPU = Release|Any CPU
	EndGlobalSection
	GlobalSection(ProjectConfigurationPlatforms) = postSolution
		{CFE10E4B-2096-4055-BCAF-C9A3F5240501}.Debug|Any CPU.ActiveCfg = Debug|Any CPU
		{CFE10E4B-2096-4055-BCAF-C9A3F5240501}.Debug|Any CPU.Build.0 = Debug|Any CPU
		{CFE10E4B-2096-4055-BCAF-C9A3F5240501}.Release|Any CPU.ActiveCfg = Release|Any CPU
		{CFE10E4B-2096-4055-BCAF-C9A3F5240501}.Release|Any CPU.Build.0 = Release|Any CPU
		{FB2F4F99-3E0B-43E1-84C0-B1662AA898F3}.Debug|Any CPU.ActiveCfg = Debug|Any CPU
		{FB2F4F99-3E0B-43E1-84C0-B1662AA898F3}.Debug|Any CPU.Build.0 = Debug|Any CPU
		{FB2F4F99-3E0B-43E1-84C0-B1662AA898F3}.Debug|Any CPU.Deploy.0 = Debug|Any CPU
		{FB2F4F99-3E0B-43E1-84C0-B1662AA898F3}.Release|Any CPU.ActiveCfg = Release|Any CPU
		{FB2F4F99-3E0B-43E1-84C0-B1662AA898F3}.Release|Any CPU.Build.0 = Release|Any CPU
		{FB2F4F99-3E0B-43E1-84C0-B1662AA898F3}.Release|Any CPU.Deploy.0 = Release|Any CPU
	EndGlobalSection
	GlobalSection(SolutionProperties) = preSolution
		HideSolutionNode = FALSE
	EndGlobalSection
EndGlobal
